
Microsoft Visual Studio Solution File, Format Version 12.00
# Visual Studio Version 17
VisualStudioVersion = 17.8.34322.80
MinimumVisualStudioVersion = 10.0.40219.1
Project("{FAE04EC0-301F-11D3-BF4B-00C04F79EFBC}") = "Day1", "Day1\Day1.csproj", "{29941DDC-247A-410D-B56B-C1D33BFE0695}"
EndProject
Global
	GlobalSection(SolutionConfigurationPlatforms) = preSolution
		Debug|Any CPU = Debug|Any CPU
		Release|Any CPU = Release|Any CPU
	EndGlobalSection
	GlobalSection(ProjectConfigurationPlatforms) = postSolution
		{29941DDC-247A-410D-B56B-C1D33BFE0695}.Debug|Any CPU.ActiveCfg = Debug|Any CPU
		{29941DDC-247A-410D-B56B-C1D33BFE0695}.Debug|Any CPU.Build.0 = Debug|Any CPU
		{29941DDC-247A-410D-B56B-C1D33BFE0695}.Release|Any CPU.ActiveCfg = Release|Any CPU
		{29941DDC-247A-410D-B56B-C1D33BFE0695}.Release|Any CPU.Build.0 = Release|Any CPU
	EndGlobalSection
	GlobalSection(SolutionProperties) = preSolution
		HideSolutionNode = FALSE
	EndGlobalSection
	GlobalSection(ExtensibilityGlobals) = postSolution
		SolutionGuid = {1754AB11-E961-490A-88AF-9392E6608BF7}
	EndGlobalSection
EndGlobal
